
Microsoft Visual Studio Solution File, Format Version 12.00
# Visual Studio 15
VisualStudioVersion = 15.0.26430.12
MinimumVisualStudioVersion = 10.0.40219.1
Project("{9A19103F-16F7-4668-BE54-9A1E7A4F7556}") = "Cibertec.Web", "CibertecWeb\Cibertec.Web.csproj", "{7BFC5512-A41C-45A3-9838-DA83406D7642}"
EndProject
Project("{2150E333-8FDC-42A3-9474-1A3956D46DE8}") = "Data", "Data", "{AD5096CC-0D2E-4E4A-85C1-A8636E930485}"
EndProject
Project("{9A19103F-16F7-4668-BE54-9A1E7A4F7556}") = "Cibertec.Models", "Cibertec.Models\Cibertec.Models.csproj", "{EED846A4-161F-4069-B709-5AE52FC09822}"
EndProject
Project("{9A19103F-16F7-4668-BE54-9A1E7A4F7556}") = "Cibertec.Repositories", "Cibertec.Repositories\Cibertec.Repositories.csproj", "{DE9A26DD-1C71-4184-92C0-6DE601AF77A2}"
EndProject
Project("{9A19103F-16F7-4668-BE54-9A1E7A4F7556}") = "Cibertec.UnitOfWork", "Cibertec.UnitOfWork\Cibertec.UnitOfWork.csproj", "{43CFCD87-6177-4FA7-9213-0034FF7D36F6}"
EndProject
Project("{2150E333-8FDC-42A3-9474-1A3956D46DE8}") = "Tests", "Tests", "{FEB54663-ED4C-464A-839F-5C88A441E90E}"
EndProject
Project("{9A19103F-16F7-4668-BE54-9A1E7A4F7556}") = "Cibertec.Repositories.Tests", "Cibertec.Repositories.Tests\Cibertec.Repositories.Tests.csproj", "{C92FD7B5-3D8F-4508-8132-D84C32093CCA}"
EndProject
Project("{9A19103F-16F7-4668-BE54-9A1E7A4F7556}") = "Cibertec.Web.Tests", "Cibertec.Web.Tests\Cibertec.Web.Tests.csproj", "{FFF5F307-9DC8-4556-AA8D-4A147BC95EBF}"
EndProject
Project("{9A19103F-16F7-4668-BE54-9A1E7A4F7556}") = "Cibertec.MockData", "Cibertec.MockData\Cibertec.MockData.csproj", "{90DC1C30-08F5-4D5E-AC11-AFAB1AC911FA}"
EndProject
Project("{9A19103F-16F7-4668-BE54-9A1E7A4F7556}") = "Cibertec.Mvc.Tests", "Cibertec.Mvc.Tests\Cibertec.Mvc.Tests.csproj", "{D2395802-4BA0-4D53-A84C-CB7FB3954C9E}"
EndProject
Project("{2150E333-8FDC-42A3-9474-1A3956D46DE8}") = "Web", "Web", "{77AD0785-97AE-40FE-B2AF-FA86D1286509}"
EndProject
Project("{9A19103F-16F7-4668-BE54-9A1E7A4F7556}") = "Cibertec.WebApi", "Cibertec.WebApi\Cibertec.WebApi.csproj", "{0F04C1A3-1270-435E-963E-104DEEAC0380}"
EndProject
Project("{9A19103F-16F7-4668-BE54-9A1E7A4F7556}") = "Cibertec.Angular", "Cibertec.Angular\Cibertec.Angular.csproj", "{80919BB5-B224-4F6F-BC66-E6BFA8FB1BB8}"
EndProject
Project("{FAE04EC0-301F-11D3-BF4B-00C04F79EFBC}") = "Cibertec.RealTime", "Cibertec.RealTime\Cibertec.RealTime.csproj", "{CAE816DA-D858-4CD2-A838-4134C7931777}"
EndProject
Global
	GlobalSection(SolutionConfigurationPlatforms) = preSolution
		Debug|Any CPU = Debug|Any CPU
		Release|Any CPU = Release|Any CPU
	EndGlobalSection
	GlobalSection(ProjectConfigurationPlatforms) = postSolution
		{7BFC5512-A41C-45A3-9838-DA83406D7642}.Debug|Any CPU.ActiveCfg = Debug|Any CPU
		{7BFC5512-A41C-45A3-9838-DA83406D7642}.Debug|Any CPU.Build.0 = Debug|Any CPU
		{7BFC5512-A41C-45A3-9838-DA83406D7642}.Release|Any CPU.ActiveCfg = Release|Any CPU
		{7BFC5512-A41C-45A3-9838-DA83406D7642}.Release|Any CPU.Build.0 = Release|Any CPU
		{EED846A4-161F-4069-B709-5AE52FC09822}.Debug|Any CPU.ActiveCfg = Debug|Any CPU
		{EED846A4-161F-4069-B709-5AE52FC09822}.Debug|Any CPU.Build.0 = Debug|Any CPU
		{EED846A4-161F-4069-B709-5AE52FC09822}.Release|Any CPU.ActiveCfg = Release|Any CPU
		{EED846A4-161F-4069-B709-5AE52FC09822}.Release|Any CPU.Build.0 = Release|Any CPU
		{DE9A26DD-1C71-4184-92C0-6DE601AF77A2}.Debug|Any CPU.ActiveCfg = Debug|Any CPU
		{DE9A26DD-1C71-4184-92C0-6DE601AF77A2}.Debug|Any CPU.Build.0 = Debug|Any CPU
		{DE9A26DD-1C71-4184-92C0-6DE601AF77A2}.Release|Any CPU.ActiveCfg = Release|Any CPU
		{DE9A26DD-1C71-4184-92C0-6DE601AF77A2}.Release|Any CPU.Build.0 = Release|Any CPU
		{43CFCD87-6177-4FA7-9213-0034FF7D36F6}.Debug|Any CPU.ActiveCfg = Debug|Any CPU
		{43CFCD87-6177-4FA7-9213-0034FF7D36F6}.Debug|Any CPU.Build.0 = Debug|Any CPU
		{43CFCD87-6177-4FA7-9213-0034FF7D36F6}.Release|Any CPU.ActiveCfg = Release|Any CPU
		{43CFCD87-6177-4FA7-9213-0034FF7D36F6}.Release|Any CPU.Build.0 = Release|Any CPU
		{C92FD7B5-3D8F-4508-8132-D84C32093CCA}.Debug|Any CPU.ActiveCfg = Debug|Any CPU
		{C92FD7B5-3D8F-4508-8132-D84C32093CCA}.Debug|Any CPU.Build.0 = Debug|Any CPU
		{C92FD7B5-3D8F-4508-8132-D84C32093CCA}.Release|Any CPU.ActiveCfg = Release|Any CPU
		{C92FD7B5-3D8F-4508-8132-D84C32093CCA}.Release|Any CPU.Build.0 = Release|Any CPU
		{FFF5F307-9DC8-4556-AA8D-4A147BC95EBF}.Debug|Any CPU.ActiveCfg = Debug|Any CPU
		{FFF5F307-9DC8-4556-AA8D-4A147BC95EBF}.Debug|Any CPU.Build.0 = Debug|Any CPU
		{FFF5F307-9DC8-4556-AA8D-4A147BC95EBF}.Release|Any CPU.ActiveCfg = Release|Any CPU
		{FFF5F307-9DC8-4556-AA8D-4A147BC95EBF}.Release|Any CPU.Build.0 = Release|Any CPU
		{90DC1C30-08F5-4D5E-AC11-AFAB1AC911FA}.Debug|Any CPU.ActiveCfg = Debug|Any CPU
		{90DC1C30-08F5-4D5E-AC11-AFAB1AC911FA}.Debug|Any CPU.Build.0 = Debug|Any CPU
		{90DC1C30-08F5-4D5E-AC11-AFAB1AC911FA}.Release|Any CPU.ActiveCfg = Release|Any CPU
		{90DC1C30-08F5-4D5E-AC11-AFAB1AC911FA}.Release|Any CPU.Build.0 = Release|Any CPU
		{D2395802-4BA0-4D53-A84C-CB7FB3954C9E}.Debug|Any CPU.ActiveCfg = Debug|Any CPU
		{D2395802-4BA0-4D53-A84C-CB7FB3954C9E}.Debug|Any CPU.Build.0 = Debug|Any CPU
		{D2395802-4BA0-4D53-A84C-CB7FB3954C9E}.Release|Any CPU.ActiveCfg = Release|Any CPU
		{D2395802-4BA0-4D53-A84C-CB7FB3954C9E}.Release|Any CPU.Build.0 = Release|Any CPU
		{0F04C1A3-1270-435E-963E-104DEEAC0380}.Debug|Any CPU.ActiveCfg = Debug|Any CPU
		{0F04C1A3-1270-435E-963E-104DEEAC0380}.Debug|Any CPU.Build.0 = Debug|Any CPU
		{0F04C1A3-1270-435E-963E-104DEEAC0380}.Release|Any CPU.ActiveCfg = Release|Any CPU
		{0F04C1A3-1270-435E-963E-104DEEAC0380}.Release|Any CPU.Build.0 = Release|Any CPU
		{80919BB5-B224-4F6F-BC66-E6BFA8FB1BB8}.Debug|Any CPU.ActiveCfg = Debug|Any CPU
		{80919BB5-B224-4F6F-BC66-E6BFA8FB1BB8}.Debug|Any CPU.Build.0 = Debug|Any CPU
		{80919BB5-B224-4F6F-BC66-E6BFA8FB1BB8}.Release|Any CPU.ActiveCfg = Release|Any CPU
		{80919BB5-B224-4F6F-BC66-E6BFA8FB1BB8}.Release|Any CPU.Build.0 = Release|Any CPU
		{CAE816DA-D858-4CD2-A838-4134C7931777}.Debug|Any CPU.ActiveCfg = Debug|Any CPU
		{CAE816DA-D858-4CD2-A838-4134C7931777}.Debug|Any CPU.Build.0 = Debug|Any CPU
		{CAE816DA-D858-4CD2-A838-4134C7931777}.Release|Any CPU.ActiveCfg = Release|Any CPU
		{CAE816DA-D858-4CD2-A838-4134C7931777}.Release|Any CPU.Build.0 = Release|Any CPU
	EndGlobalSection
	GlobalSection(SolutionProperties) = preSolution
		HideSolutionNode = FALSE
	EndGlobalSection
	GlobalSection(NestedProjects) = preSolution
		{7BFC5512-A41C-45A3-9838-DA83406D7642} = {77AD0785-97AE-40FE-B2AF-FA86D1286509}
		{EED846A4-161F-4069-B709-5AE52FC09822} = {AD5096CC-0D2E-4E4A-85C1-A8636E930485}
		{DE9A26DD-1C71-4184-92C0-6DE601AF77A2} = {AD5096CC-0D2E-4E4A-85C1-A8636E930485}
		{43CFCD87-6177-4FA7-9213-0034FF7D36F6} = {AD5096CC-0D2E-4E4A-85C1-A8636E930485}
		{C92FD7B5-3D8F-4508-8132-D84C32093CCA} = {FEB54663-ED4C-464A-839F-5C88A441E90E}
		{FFF5F307-9DC8-4556-AA8D-4A147BC95EBF} = {FEB54663-ED4C-464A-839F-5C88A441E90E}
		{90DC1C30-08F5-4D5E-AC11-AFAB1AC911FA} = {FEB54663-ED4C-464A-839F-5C88A441E90E}
		{D2395802-4BA0-4D53-A84C-CB7FB3954C9E} = {FEB54663-ED4C-464A-839F-5C88A441E90E}
		{0F04C1A3-1270-435E-963E-104DEEAC0380} = {77AD0785-97AE-40FE-B2AF-FA86D1286509}
		{80919BB5-B224-4F6F-BC66-E6BFA8FB1BB8} = {77AD0785-97AE-40FE-B2AF-FA86D1286509}
		{CAE816DA-D858-4CD2-A838-4134C7931777} = {77AD0785-97AE-40FE-B2AF-FA86D1286509}
	EndGlobalSection
EndGlobal
